
Microsoft Visual Studio Solution File, Format Version 12.00
# Visual Studio Version 17
VisualStudioVersion = 17.6.33723.286
MinimumVisualStudioVersion = 10.0.40219.1
Project("{FAE04EC0-301F-11D3-BF4B-00C04F79EFBC}") = "QuizAPI", "QuizAPI.csproj", "{4029393E-C88B-4887-B3D3-03B43C7FBE84}"
EndProject
Global
	GlobalSection(SolutionConfigurationPlatforms) = preSolution
		Debug|Any CPU = Debug|Any CPU
		Release|Any CPU = Release|Any CPU
	EndGlobalSection
	GlobalSection(ProjectConfigurationPlatforms) = postSolution
		{4029393E-C88B-4887-B3D3-03B43C7FBE84}.Debug|Any CPU.ActiveCfg = Debug|Any CPU
		{4029393E-C88B-4887-B3D3-03B43C7FBE84}.Debug|Any CPU.Build.0 = Debug|Any CPU
		{4029393E-C88B-4887-B3D3-03B43C7FBE84}.Release|Any CPU.ActiveCfg = Release|Any CPU
		{4029393E-C88B-4887-B3D3-03B43C7FBE84}.Release|Any CPU.Build.0 = Release|Any CPU
	EndGlobalSection
	GlobalSection(SolutionProperties) = preSolution
		HideSolutionNode = FALSE
	EndGlobalSection
	GlobalSection(ExtensibilityGlobals) = postSolution
		SolutionGuid = {32F812C0-F1DC-4652-BEB4-B18CB86D7BFF}
	EndGlobalSection
EndGlobal
